<Solution>
  <Folder Name="/src/">
    <Project Path="src/Noelia.Contracts/Noelia.Contracts.csproj" />
    <Project Path="src/Noelia.Core/Noelia.Core.csproj" />
    <Project Path="src/Noelia.Abstractions/Noelia.Abstractions.csproj" />
    <Project Path="src/Noelia.InMemory/Noelia.InMemory.csproj" />
    <Project Path="src/Noelia.Passwords.BCrypt/Noelia.Passwords.BCrypt.csproj" />
    <Project Path="src/Noelia.Passwords.Argon2/Noelia.Passwords.Argon2.csproj" />
    <Project Path="src/Noelia.Redis/Noelia.Redis.csproj" />
    <Project Path="src/Noelia.Data.EntityFrameworkCore/Noelia.Data.EntityFrameworkCore.csproj" />
    <Project Path="src/Noelia.Messaging.MassTransit/Noelia.Messaging.MassTransit.csproj" />
    <Project Path="src/Noelia.Application/Noelia.Application.csproj" />
    <Project Path="src/Noelia.Http/Noelia.Http.csproj" />
    <Project Path="src/Noelia.Dashboard/Noelia.Dashboard.csproj" />
    <Project Path="src/Noelia.Infrastructure/Noelia.Infrastructure.csproj" />
    <Project Path="src/Noelia.Cli/Noelia.Cli.csproj" />
  </Folder>
  <Folder Name="/tests/">
    <Project Path="tests/Noelia.Core.Tests/Noelia.Core.Tests.csproj" />
    <Project Path="tests/Noelia.Infrastructure.Tests/Noelia.Infrastructure.Tests.csproj" />
    <Project Path="tests/Noelia.Fixtures.PlainCqrs/Noelia.Fixtures.PlainCqrs.csproj" />
    <Project Path="tests/Noelia.Fixtures.CachingCqrs/Noelia.Fixtures.CachingCqrs.csproj" />
  </Folder>
</Solution>
