
Microsoft Visual Studio Solution File, Format Version 12.00
# Visual Studio Version 17
VisualStudioVersion = 17.0.31903.59
MinimumVisualStudioVersion = 10.0.40219.1
Project("{FAE04EC0-301F-11D3-BF4B-00C04F79EFBC}") = "UserService.Domain", "src\services\UserService\UserService.Domain\UserService.Domain.csproj", "{1E8F2780-1B24-4B97-96D1-807C8C281A11}"
EndProject
Project("{FAE04EC0-301F-11D3-BF4B-00C04F79EFBC}") = "UserService.Contracts", "src\services\UserService\UserService.Contracts\UserService.Contracts.csproj", "{EA1B0494-DEC2-4038-82B0-476F278E0B12}"
EndProject
Project("{FAE04EC0-301F-11D3-BF4B-00C04F79EFBC}") = "UserService.Application", "src\services\UserService\UserService.Application\UserService.Application.csproj", "{B31A0AB1-5E9E-4D1C-A156-A8FE5F3B1C13}"
EndProject
Project("{FAE04EC0-301F-11D3-BF4B-00C04F79EFBC}") = "UserService.Infrastructure", "src\services\UserService\UserService.Infrastructure\UserService.Infrastructure.csproj", "{1EF2F5D2-B3B4-4515-8C70-C0666EC04D14}"
EndProject
Project("{FAE04EC0-301F-11D3-BF4B-00C04F79EFBC}") = "UserService.Api", "src\services\UserService\UserService.Api\UserService.Api.csproj", "{C14A20A3-B40C-48D8-A7DD-9BC531BE5015}"
EndProject
Project("{FAE04EC0-301F-11D3-BF4B-00C04F79EFBC}") = "TodoService.Domain", "src\services\TodoService\TodoService.Domain\TodoService.Domain.csproj", "{B1D275D4-FC47-4B63-A327-13C7596B6416}"
EndProject
Project("{FAE04EC0-301F-11D3-BF4B-00C04F79EFBC}") = "TodoService.Contracts", "src\services\TodoService\TodoService.Contracts\TodoService.Contracts.csproj", "{D302E7B6-3F3C-46ED-98A8-811B9CE35217}"
EndProject
Project("{FAE04EC0-301F-11D3-BF4B-00C04F79EFBC}") = "TodoService.Application", "src\services\TodoService\TodoService.Application\TodoService.Application.csproj", "{58F39A43-A375-4825-B268-3411F9D05718}"
EndProject
Project("{FAE04EC0-301F-11D3-BF4B-00C04F79EFBC}") = "TodoService.Infrastructure", "src\services\TodoService\TodoService.Infrastructure\TodoService.Infrastructure.csproj", "{A4BFD729-142C-4C12-A2A3-654A2C5B6F19}"
EndProject
Project("{FAE04EC0-301F-11D3-BF4B-00C04F79EFBC}") = "TodoService.Api", "src\services\TodoService\TodoService.Api\TodoService.Api.csproj", "{E6652AC7-5B76-4D1D-971D-98CECD6D3A20}"
EndProject
Project("{FAE04EC0-301F-11D3-BF4B-00C04F79EFBC}") = "Gateway.Api", "src\gateway\Gateway.Api\Gateway.Api.csproj", "{90F15C36-F987-43B8-963B-9FC0E7D92A21}"
EndProject
Project("{2150E333-8FDC-42A3-9474-1A3956D46DE8}") = "tests", "tests", "{0AB3BF05-4346-4AA6-1389-037BE0695223}"
EndProject
Project("{FAE04EC0-301F-11D3-BF4B-00C04F79EFBC}") = "Demo.Tests", "tests\Demo.Tests\Demo.Tests.csproj", "{BBC5199E-B719-486D-9FDB-B6C2FA040E9A}"
EndProject
Project("{2150E333-8FDC-42A3-9474-1A3956D46DE8}") = "src", "src", "{827E0CD3-B72D-47B6-A68D-7590B98EB39B}"
EndProject
Project("{2150E333-8FDC-42A3-9474-1A3956D46DE8}") = "services", "services", "{984BB9B3-3FA3-BE33-9484-CAC21695A33C}"
EndProject
Project("{2150E333-8FDC-42A3-9474-1A3956D46DE8}") = "UserService", "UserService", "{A52FF9A7-1006-A729-7F26-021652E10080}"
EndProject
Project("{2150E333-8FDC-42A3-9474-1A3956D46DE8}") = "TodoService", "TodoService", "{B262E713-B7F0-99F4-9E58-08C90363AD78}"
EndProject
Project("{2150E333-8FDC-42A3-9474-1A3956D46DE8}") = "monolith", "monolith", "{729A333E-ABD6-BEB7-26CA-C39A7539F140}"
EndProject
Project("{FAE04EC0-301F-11D3-BF4B-00C04F79EFBC}") = "Demo.Monolith.Api", "src\monolith\Demo.Monolith.Api\Demo.Monolith.Api.csproj", "{66DA14CC-F217-436D-AADE-CD394718033E}"
EndProject
Project("{FAE04EC0-301F-11D3-BF4B-00C04F79EFBC}") = "Demo.Monolith.Tests", "tests\Demo.Monolith.Tests\Demo.Monolith.Tests.csproj", "{47F20729-E032-44D9-96CB-4F6892563DE1}"
EndProject
Project("{2150E333-8FDC-42A3-9474-1A3956D46DE8}") = "probes", "probes", "{55F7F59E-3811-4542-F732-EAE91DFBF043}"
EndProject
Project("{FAE04EC0-301F-11D3-BF4B-00C04F79EFBC}") = "Noelia.Encryption.Probe", "probes\Noelia.Encryption.Probe\Noelia.Encryption.Probe.csproj", "{BDD615A1-1945-41F9-B02C-3A4042672CF8}"
EndProject
Project("{FAE04EC0-301F-11D3-BF4B-00C04F79EFBC}") = "Noelia.SecurityHeaders.Probe", "probes\Noelia.SecurityHeaders.Probe\Noelia.SecurityHeaders.Probe.csproj", "{C24DB807-ED5B-459C-8D6B-850666BE66BE}"
EndProject
Project("{FAE04EC0-301F-11D3-BF4B-00C04F79EFBC}") = "Noelia.Dashboard.Probe", "probes\Noelia.Dashboard.Probe\Noelia.Dashboard.Probe.csproj", "{B323B87A-844D-4327-A6CC-FD8F69EA7CD1}"
EndProject
Project("{FAE04EC0-301F-11D3-BF4B-00C04F79EFBC}") = "Noelia.Abstractions.Probe", "probes\Noelia.Abstractions.Probe\Noelia.Abstractions.Probe.csproj", "{4720BA13-E226-404E-8B1D-B6ABBF3D3B82}"
EndProject
Project("{FAE04EC0-301F-11D3-BF4B-00C04F79EFBC}") = "Noelia.Application.Probe", "probes\Noelia.Application.Probe\Noelia.Application.Probe.csproj", "{A3F45635-DC81-4163-B93B-94F5B7984CF9}"
EndProject
Project("{FAE04EC0-301F-11D3-BF4B-00C04F79EFBC}") = "Noelia.Contracts.Probe", "probes\Noelia.Contracts.Probe\Noelia.Contracts.Probe.csproj", "{001B8FA9-5D41-4B70-84F5-C1AAF90C22ED}"
EndProject
Project("{FAE04EC0-301F-11D3-BF4B-00C04F79EFBC}") = "Noelia.Core.Probe", "probes\Noelia.Core.Probe\Noelia.Core.Probe.csproj", "{854A6568-C55B-488A-9FA0-13D15C0A5B9B}"
EndProject
Project("{FAE04EC0-301F-11D3-BF4B-00C04F79EFBC}") = "Noelia.Data.EntityFrameworkCore.Probe", "probes\Noelia.Data.EntityFrameworkCore.Probe\Noelia.Data.EntityFrameworkCore.Probe.csproj", "{77F586E8-C1A5-4CEC-8EA4-94382CF30E72}"
EndProject
Project("{FAE04EC0-301F-11D3-BF4B-00C04F79EFBC}") = "Noelia.Http.Probe", "probes\Noelia.Http.Probe\Noelia.Http.Probe.csproj", "{51644442-3066-47E0-AB20-645624938E12}"
EndProject
Project("{FAE04EC0-301F-11D3-BF4B-00C04F79EFBC}") = "Noelia.InMemory.Probe", "probes\Noelia.InMemory.Probe\Noelia.InMemory.Probe.csproj", "{B03E62A0-3FB6-41AF-8696-3E448347DBED}"
EndProject
Project("{FAE04EC0-301F-11D3-BF4B-00C04F79EFBC}") = "Noelia.Messaging.MassTransit.Probe", "probes\Noelia.Messaging.MassTransit.Probe\Noelia.Messaging.MassTransit.Probe.csproj", "{6134EBF1-4115-4BA3-897C-6BF22E76B41B}"
EndProject
Project("{FAE04EC0-301F-11D3-BF4B-00C04F79EFBC}") = "Noelia.Passwords.Argon2.Probe", "probes\Noelia.Passwords.Argon2.Probe\Noelia.Passwords.Argon2.Probe.csproj", "{179F8CBA-B537-4EB1-BB31-7A9A6FBEFA4D}"
EndProject
Project("{FAE04EC0-301F-11D3-BF4B-00C04F79EFBC}") = "Noelia.Passwords.BCrypt.Probe", "probes\Noelia.Passwords.BCrypt.Probe\Noelia.Passwords.BCrypt.Probe.csproj", "{9D41B361-6ABD-491E-ACDD-2BD58158DA8D}"
EndProject
Project("{2150E333-8FDC-42A3-9474-1A3956D46DE8}") = "shared", "shared", "{C8E42992-5E42-0C2B-DBFE-AA848D06431C}"
EndProject
Project("{FAE04EC0-301F-11D3-BF4B-00C04F79EFBC}") = "Demo.Platform", "src\shared\Demo.Platform\Demo.Platform.csproj", "{FE996CDA-B5E6-4BDF-A32B-9C166D7B2B55}"
EndProject
Global
	GlobalSection(SolutionConfigurationPlatforms) = preSolution
		Debug|Any CPU = Debug|Any CPU
		Debug|x64 = Debug|x64
		Debug|x86 = Debug|x86
		Release|Any CPU = Release|Any CPU
		Release|x64 = Release|x64
		Release|x86 = Release|x86
	EndGlobalSection
	GlobalSection(ProjectConfigurationPlatforms) = postSolution
		{1E8F2780-1B24-4B97-96D1-807C8C281A11}.Debug|Any CPU.ActiveCfg = Debug|Any CPU
		{1E8F2780-1B24-4B97-96D1-807C8C281A11}.Debug|Any CPU.Build.0 = Debug|Any CPU
		{1E8F2780-1B24-4B97-96D1-807C8C281A11}.Debug|x64.ActiveCfg = Debug|Any CPU
		{1E8F2780-1B24-4B97-96D1-807C8C281A11}.Debug|x64.Build.0 = Debug|Any CPU
		{1E8F2780-1B24-4B97-96D1-807C8C281A11}.Debug|x86.ActiveCfg = Debug|Any CPU
		{1E8F2780-1B24-4B97-96D1-807C8C281A11}.Debug|x86.Build.0 = Debug|Any CPU
		{1E8F2780-1B24-4B97-96D1-807C8C281A11}.Release|x64.ActiveCfg = Release|Any CPU
		{1E8F2780-1B24-4B97-96D1-807C8C281A11}.Release|x64.Build.0 = Release|Any CPU
		{1E8F2780-1B24-4B97-96D1-807C8C281A11}.Release|x86.ActiveCfg = Release|Any CPU
		{1E8F2780-1B24-4B97-96D1-807C8C281A11}.Release|x86.Build.0 = Release|Any CPU
		{1E8F2780-1B24-4B97-96D1-807C8C281A11}.Release|Any CPU.ActiveCfg = Release|Any CPU
		{1E8F2780-1B24-4B97-96D1-807C8C281A11}.Release|Any CPU.Build.0 = Release|Any CPU
		{EA1B0494-DEC2-4038-82B0-476F278E0B12}.Debug|Any CPU.ActiveCfg = Debug|Any CPU
		{EA1B0494-DEC2-4038-82B0-476F278E0B12}.Debug|Any CPU.Build.0 = Debug|Any CPU
		{EA1B0494-DEC2-4038-82B0-476F278E0B12}.Debug|x64.ActiveCfg = Debug|Any CPU
		{EA1B0494-DEC2-4038-82B0-476F278E0B12}.Debug|x64.Build.0 = Debug|Any CPU
		{EA1B0494-DEC2-4038-82B0-476F278E0B12}.Debug|x86.ActiveCfg = Debug|Any CPU
		{EA1B0494-DEC2-4038-82B0-476F278E0B12}.Debug|x86.Build.0 = Debug|Any CPU
		{EA1B0494-DEC2-4038-82B0-476F278E0B12}.Release|x64.ActiveCfg = Release|Any CPU
		{EA1B0494-DEC2-4038-82B0-476F278E0B12}.Release|x64.Build.0 = Release|Any CPU
		{EA1B0494-DEC2-4038-82B0-476F278E0B12}.Release|x86.ActiveCfg = Release|Any CPU
		{EA1B0494-DEC2-4038-82B0-476F278E0B12}.Release|x86.Build.0 = Release|Any CPU
		{EA1B0494-DEC2-4038-82B0-476F278E0B12}.Release|Any CPU.ActiveCfg = Release|Any CPU
		{EA1B0494-DEC2-4038-82B0-476F278E0B12}.Release|Any CPU.Build.0 = Release|Any CPU
		{B31A0AB1-5E9E-4D1C-A156-A8FE5F3B1C13}.Debug|Any CPU.ActiveCfg = Debug|Any CPU
		{B31A0AB1-5E9E-4D1C-A156-A8FE5F3B1C13}.Debug|Any CPU.Build.0 = Debug|Any CPU
		{B31A0AB1-5E9E-4D1C-A156-A8FE5F3B1C13}.Debug|x64.ActiveCfg = Debug|Any CPU
		{B31A0AB1-5E9E-4D1C-A156-A8FE5F3B1C13}.Debug|x64.Build.0 = Debug|Any CPU
		{B31A0AB1-5E9E-4D1C-A156-A8FE5F3B1C13}.Debug|x86.ActiveCfg = Debug|Any CPU
		{B31A0AB1-5E9E-4D1C-A156-A8FE5F3B1C13}.Debug|x86.Build.0 = Debug|Any CPU
		{B31A0AB1-5E9E-4D1C-A156-A8FE5F3B1C13}.Release|x64.ActiveCfg = Release|Any CPU
		{B31A0AB1-5E9E-4D1C-A156-A8FE5F3B1C13}.Release|x64.Build.0 = Release|Any CPU
		{B31A0AB1-5E9E-4D1C-A156-A8FE5F3B1C13}.Release|x86.ActiveCfg = Release|Any CPU
		{B31A0AB1-5E9E-4D1C-A156-A8FE5F3B1C13}.Release|x86.Build.0 = Release|Any CPU
		{B31A0AB1-5E9E-4D1C-A156-A8FE5F3B1C13}.Release|Any CPU.ActiveCfg = Release|Any CPU
		{B31A0AB1-5E9E-4D1C-A156-A8FE5F3B1C13}.Release|Any CPU.Build.0 = Release|Any CPU
		{1EF2F5D2-B3B4-4515-8C70-C0666EC04D14}.Debug|Any CPU.ActiveCfg = Debug|Any CPU
		{1EF2F5D2-B3B4-4515-8C70-C0666EC04D14}.Debug|Any CPU.Build.0 = Debug|Any CPU
		{1EF2F5D2-B3B4-4515-8C70-C0666EC04D14}.Debug|x64.ActiveCfg = Debug|Any CPU
		{1EF2F5D2-B3B4-4515-8C70-C0666EC04D14}.Debug|x64.Build.0 = Debug|Any CPU
		{1EF2F5D2-B3B4-4515-8C70-C0666EC04D14}.Debug|x86.ActiveCfg = Debug|Any CPU
		{1EF2F5D2-B3B4-4515-8C70-C0666EC04D14}.Debug|x86.Build.0 = Debug|Any CPU
		{1EF2F5D2-B3B4-4515-8C70-C0666EC04D14}.Release|x64.ActiveCfg = Release|Any CPU
		{1EF2F5D2-B3B4-4515-8C70-C0666EC04D14}.Release|x64.Build.0 = Release|Any CPU
		{1EF2F5D2-B3B4-4515-8C70-C0666EC04D14}.Release|x86.ActiveCfg = Release|Any CPU
		{1EF2F5D2-B3B4-4515-8C70-C0666EC04D14}.Release|x86.Build.0 = Release|Any CPU
		{1EF2F5D2-B3B4-4515-8C70-C0666EC04D14}.Release|Any CPU.ActiveCfg = Release|Any CPU
		{1EF2F5D2-B3B4-4515-8C70-C0666EC04D14}.Release|Any CPU.Build.0 = Release|Any CPU
		{C14A20A3-B40C-48D8-A7DD-9BC531BE5015}.Debug|Any CPU.ActiveCfg = Debug|Any CPU
		{C14A20A3-B40C-48D8-A7DD-9BC531BE5015}.Debug|Any CPU.Build.0 = Debug|Any CPU
		{C14A20A3-B40C-48D8-A7DD-9BC531BE5015}.Debug|x64.ActiveCfg = Debug|Any CPU
		{C14A20A3-B40C-48D8-A7DD-9BC531BE5015}.Debug|x64.Build.0 = Debug|Any CPU
		{C14A20A3-B40C-48D8-A7DD-9BC531BE5015}.Debug|x86.ActiveCfg = Debug|Any CPU
		{C14A20A3-B40C-48D8-A7DD-9BC531BE5015}.Debug|x86.Build.0 = Debug|Any CPU
		{C14A20A3-B40C-48D8-A7DD-9BC531BE5015}.Release|x64.ActiveCfg = Release|Any CPU
		{C14A20A3-B40C-48D8-A7DD-9BC531BE5015}.Release|x64.Build.0 = Release|Any CPU
		{C14A20A3-B40C-48D8-A7DD-9BC531BE5015}.Release|x86.ActiveCfg = Release|Any CPU
		{C14A20A3-B40C-48D8-A7DD-9BC531BE5015}.Release|x86.Build.0 = Release|Any CPU
		{C14A20A3-B40C-48D8-A7DD-9BC531BE5015}.Release|Any CPU.ActiveCfg = Release|Any CPU
		{C14A20A3-B40C-48D8-A7DD-9BC531BE5015}.Release|Any CPU.Build.0 = Release|Any CPU
		{B1D275D4-FC47-4B63-A327-13C7596B6416}.Debug|Any CPU.ActiveCfg = Debug|Any CPU
		{B1D275D4-FC47-4B63-A327-13C7596B6416}.Debug|Any CPU.Build.0 = Debug|Any CPU
		{B1D275D4-FC47-4B63-A327-13C7596B6416}.Debug|x64.ActiveCfg = Debug|Any CPU
		{B1D275D4-FC47-4B63-A327-13C7596B6416}.Debug|x64.Build.0 = Debug|Any CPU
		{B1D275D4-FC47-4B63-A327-13C7596B6416}.Debug|x86.ActiveCfg = Debug|Any CPU
		{B1D275D4-FC47-4B63-A327-13C7596B6416}.Debug|x86.Build.0 = Debug|Any CPU
		{B1D275D4-FC47-4B63-A327-13C7596B6416}.Release|x64.ActiveCfg = Release|Any CPU
		{B1D275D4-FC47-4B63-A327-13C7596B6416}.Release|x64.Build.0 = Release|Any CPU
		{B1D275D4-FC47-4B63-A327-13C7596B6416}.Release|x86.ActiveCfg = Release|Any CPU
		{B1D275D4-FC47-4B63-A327-13C7596B6416}.Release|x86.Build.0 = Release|Any CPU
		{B1D275D4-FC47-4B63-A327-13C7596B6416}.Release|Any CPU.ActiveCfg = Release|Any CPU
		{B1D275D4-FC47-4B63-A327-13C7596B6416}.Release|Any CPU.Build.0 = Release|Any CPU
		{D302E7B6-3F3C-46ED-98A8-811B9CE35217}.Debug|Any CPU.ActiveCfg = Debug|Any CPU
		{D302E7B6-3F3C-46ED-98A8-811B9CE35217}.Debug|Any CPU.Build.0 = Debug|Any CPU
		{D302E7B6-3F3C-46ED-98A8-811B9CE35217}.Debug|x64.ActiveCfg = Debug|Any CPU
		{D302E7B6-3F3C-46ED-98A8-811B9CE35217}.Debug|x64.Build.0 = Debug|Any CPU
		{D302E7B6-3F3C-46ED-98A8-811B9CE35217}.Debug|x86.ActiveCfg = Debug|Any CPU
		{D302E7B6-3F3C-46ED-98A8-811B9CE35217}.Debug|x86.Build.0 = Debug|Any CPU
		{D302E7B6-3F3C-46ED-98A8-811B9CE35217}.Release|x64.ActiveCfg = Release|Any CPU
		{D302E7B6-3F3C-46ED-98A8-811B9CE35217}.Release|x64.Build.0 = Release|Any CPU
		{D302E7B6-3F3C-46ED-98A8-811B9CE35217}.Release|x86.ActiveCfg = Release|Any CPU
		{D302E7B6-3F3C-46ED-98A8-811B9CE35217}.Release|x86.Build.0 = Release|Any CPU
		{D302E7B6-3F3C-46ED-98A8-811B9CE35217}.Release|Any CPU.ActiveCfg = Release|Any CPU
		{D302E7B6-3F3C-46ED-98A8-811B9CE35217}.Release|Any CPU.Build.0 = Release|Any CPU
		{58F39A43-A375-4825-B268-3411F9D05718}.Debug|Any CPU.ActiveCfg = Debug|Any CPU
		{58F39A43-A375-4825-B268-3411F9D05718}.Debug|Any CPU.Build.0 = Debug|Any CPU
		{58F39A43-A375-4825-B268-3411F9D05718}.Debug|x64.ActiveCfg = Debug|Any CPU
		{58F39A43-A375-4825-B268-3411F9D05718}.Debug|x64.Build.0 = Debug|Any CPU
		{58F39A43-A375-4825-B268-3411F9D05718}.Debug|x86.ActiveCfg = Debug|Any CPU
		{58F39A43-A375-4825-B268-3411F9D05718}.Debug|x86.Build.0 = Debug|Any CPU
		{58F39A43-A375-4825-B268-3411F9D05718}.Release|x64.ActiveCfg = Release|Any CPU
		{58F39A43-A375-4825-B268-3411F9D05718}.Release|x64.Build.0 = Release|Any CPU
		{58F39A43-A375-4825-B268-3411F9D05718}.Release|x86.ActiveCfg = Release|Any CPU
		{58F39A43-A375-4825-B268-3411F9D05718}.Release|x86.Build.0 = Release|Any CPU
		{58F39A43-A375-4825-B268-3411F9D05718}.Release|Any CPU.ActiveCfg = Release|Any CPU
		{58F39A43-A375-4825-B268-3411F9D05718}.Release|Any CPU.Build.0 = Release|Any CPU
		{A4BFD729-142C-4C12-A2A3-654A2C5B6F19}.Debug|Any CPU.ActiveCfg = Debug|Any CPU
		{A4BFD729-142C-4C12-A2A3-654A2C5B6F19}.Debug|Any CPU.Build.0 = Debug|Any CPU
		{A4BFD729-142C-4C12-A2A3-654A2C5B6F19}.Debug|x64.ActiveCfg = Debug|Any CPU
		{A4BFD729-142C-4C12-A2A3-654A2C5B6F19}.Debug|x64.Build.0 = Debug|Any CPU
		{A4BFD729-142C-4C12-A2A3-654A2C5B6F19}.Debug|x86.ActiveCfg = Debug|Any CPU
		{A4BFD729-142C-4C12-A2A3-654A2C5B6F19}.Debug|x86.Build.0 = Debug|Any CPU
		{A4BFD729-142C-4C12-A2A3-654A2C5B6F19}.Release|x64.ActiveCfg = Release|Any CPU
		{A4BFD729-142C-4C12-A2A3-654A2C5B6F19}.Release|x64.Build.0 = Release|Any CPU
		{A4BFD729-142C-4C12-A2A3-654A2C5B6F19}.Release|x86.ActiveCfg = Release|Any CPU
		{A4BFD729-142C-4C12-A2A3-654A2C5B6F19}.Release|x86.Build.0 = Release|Any CPU
		{A4BFD729-142C-4C12-A2A3-654A2C5B6F19}.Release|Any CPU.ActiveCfg = Release|Any CPU
		{A4BFD729-142C-4C12-A2A3-654A2C5B6F19}.Release|Any CPU.Build.0 = Release|Any CPU
		{E6652AC7-5B76-4D1D-971D-98CECD6D3A20}.Debug|Any CPU.ActiveCfg = Debug|Any CPU
		{E6652AC7-5B76-4D1D-971D-98CECD6D3A20}.Debug|Any CPU.Build.0 = Debug|Any CPU
		{E6652AC7-5B76-4D1D-971D-98CECD6D3A20}.Debug|x64.ActiveCfg = Debug|Any CPU
		{E6652AC7-5B76-4D1D-971D-98CECD6D3A20}.Debug|x64.Build.0 = Debug|Any CPU
		{E6652AC7-5B76-4D1D-971D-98CECD6D3A20}.Debug|x86.ActiveCfg = Debug|Any CPU
		{E6652AC7-5B76-4D1D-971D-98CECD6D3A20}.Debug|x86.Build.0 = Debug|Any CPU
		{E6652AC7-5B76-4D1D-971D-98CECD6D3A20}.Release|x64.ActiveCfg = Release|Any CPU
		{E6652AC7-5B76-4D1D-971D-98CECD6D3A20}.Release|x64.Build.0 = Release|Any CPU
		{E6652AC7-5B76-4D1D-971D-98CECD6D3A20}.Release|x86.ActiveCfg = Release|Any CPU
		{E6652AC7-5B76-4D1D-971D-98CECD6D3A20}.Release|x86.Build.0 = Release|Any CPU
		{E6652AC7-5B76-4D1D-971D-98CECD6D3A20}.Release|Any CPU.ActiveCfg = Release|Any CPU
		{E6652AC7-5B76-4D1D-971D-98CECD6D3A20}.Release|Any CPU.Build.0 = Release|Any CPU
		{90F15C36-F987-43B8-963B-9FC0E7D92A21}.Debug|Any CPU.ActiveCfg = Debug|Any CPU
		{90F15C36-F987-43B8-963B-9FC0E7D92A21}.Debug|Any CPU.Build.0 = Debug|Any CPU
		{90F15C36-F987-43B8-963B-9FC0E7D92A21}.Debug|x64.ActiveCfg = Debug|Any CPU
		{90F15C36-F987-43B8-963B-9FC0E7D92A21}.Debug|x64.Build.0 = Debug|Any CPU
		{90F15C36-F987-43B8-963B-9FC0E7D92A21}.Debug|x86.ActiveCfg = Debug|Any CPU
		{90F15C36-F987-43B8-963B-9FC0E7D92A21}.Debug|x86.Build.0 = Debug|Any CPU
		{90F15C36-F987-43B8-963B-9FC0E7D92A21}.Release|x64.ActiveCfg = Release|Any CPU
		{90F15C36-F987-43B8-963B-9FC0E7D92A21}.Release|x64.Build.0 = Release|Any CPU
		{90F15C36-F987-43B8-963B-9FC0E7D92A21}.Release|x86.ActiveCfg = Release|Any CPU
		{90F15C36-F987-43B8-963B-9FC0E7D92A21}.Release|x86.Build.0 = Release|Any CPU
		{90F15C36-F987-43B8-963B-9FC0E7D92A21}.Release|Any CPU.ActiveCfg = Release|Any CPU
		{90F15C36-F987-43B8-963B-9FC0E7D92A21}.Release|Any CPU.Build.0 = Release|Any CPU
		{BBC5199E-B719-486D-9FDB-B6C2FA040E9A}.Debug|Any CPU.ActiveCfg = Debug|Any CPU
		{BBC5199E-B719-486D-9FDB-B6C2FA040E9A}.Debug|Any CPU.Build.0 = Debug|Any CPU
		{BBC5199E-B719-486D-9FDB-B6C2FA040E9A}.Debug|x64.ActiveCfg = Debug|Any CPU
		{BBC5199E-B719-486D-9FDB-B6C2FA040E9A}.Debug|x64.Build.0 = Debug|Any CPU
		{BBC5199E-B719-486D-9FDB-B6C2FA040E9A}.Debug|x86.ActiveCfg = Debug|Any CPU
		{BBC5199E-B719-486D-9FDB-B6C2FA040E9A}.Debug|x86.Build.0 = Debug|Any CPU
		{BBC5199E-B719-486D-9FDB-B6C2FA040E9A}.Release|Any CPU.ActiveCfg = Release|Any CPU
		{BBC5199E-B719-486D-9FDB-B6C2FA040E9A}.Release|Any CPU.Build.0 = Release|Any CPU
		{BBC5199E-B719-486D-9FDB-B6C2FA040E9A}.Release|x64.ActiveCfg = Release|Any CPU
		{BBC5199E-B719-486D-9FDB-B6C2FA040E9A}.Release|x64.Build.0 = Release|Any CPU
		{BBC5199E-B719-486D-9FDB-B6C2FA040E9A}.Release|x86.ActiveCfg = Release|Any CPU
		{BBC5199E-B719-486D-9FDB-B6C2FA040E9A}.Release|x86.Build.0 = Release|Any CPU
		{66DA14CC-F217-436D-AADE-CD394718033E}.Debug|Any CPU.ActiveCfg = Debug|Any CPU
		{66DA14CC-F217-436D-AADE-CD394718033E}.Debug|Any CPU.Build.0 = Debug|Any CPU
		{66DA14CC-F217-436D-AADE-CD394718033E}.Debug|x64.ActiveCfg = Debug|Any CPU
		{66DA14CC-F217-436D-AADE-CD394718033E}.Debug|x64.Build.0 = Debug|Any CPU
		{66DA14CC-F217-436D-AADE-CD394718033E}.Debug|x86.ActiveCfg = Debug|Any CPU
		{66DA14CC-F217-436D-AADE-CD394718033E}.Debug|x86.Build.0 = Debug|Any CPU
		{66DA14CC-F217-436D-AADE-CD394718033E}.Release|Any CPU.ActiveCfg = Release|Any CPU
		{66DA14CC-F217-436D-AADE-CD394718033E}.Release|Any CPU.Build.0 = Release|Any CPU
		{66DA14CC-F217-436D-AADE-CD394718033E}.Release|x64.ActiveCfg = Release|Any CPU
		{66DA14CC-F217-436D-AADE-CD394718033E}.Release|x64.Build.0 = Release|Any CPU
		{66DA14CC-F217-436D-AADE-CD394718033E}.Release|x86.ActiveCfg = Release|Any CPU
		{66DA14CC-F217-436D-AADE-CD394718033E}.Release|x86.Build.0 = Release|Any CPU
		{47F20729-E032-44D9-96CB-4F6892563DE1}.Debug|Any CPU.ActiveCfg = Debug|Any CPU
		{47F20729-E032-44D9-96CB-4F6892563DE1}.Debug|Any CPU.Build.0 = Debug|Any CPU
		{47F20729-E032-44D9-96CB-4F6892563DE1}.Debug|x64.ActiveCfg = Debug|Any CPU
		{47F20729-E032-44D9-96CB-4F6892563DE1}.Debug|x64.Build.0 = Debug|Any CPU
		{47F20729-E032-44D9-96CB-4F6892563DE1}.Debug|x86.ActiveCfg = Debug|Any CPU
		{47F20729-E032-44D9-96CB-4F6892563DE1}.Debug|x86.Build.0 = Debug|Any CPU
		{47F20729-E032-44D9-96CB-4F6892563DE1}.Release|Any CPU.ActiveCfg = Release|Any CPU
		{47F20729-E032-44D9-96CB-4F6892563DE1}.Release|Any CPU.Build.0 = Release|Any CPU
		{47F20729-E032-44D9-96CB-4F6892563DE1}.Release|x64.ActiveCfg = Release|Any CPU
		{47F20729-E032-44D9-96CB-4F6892563DE1}.Release|x64.Build.0 = Release|Any CPU
		{47F20729-E032-44D9-96CB-4F6892563DE1}.Release|x86.ActiveCfg = Release|Any CPU
		{47F20729-E032-44D9-96CB-4F6892563DE1}.Release|x86.Build.0 = Release|Any CPU
		{BDD615A1-1945-41F9-B02C-3A4042672CF8}.Debug|Any CPU.ActiveCfg = Debug|Any CPU
		{BDD615A1-1945-41F9-B02C-3A4042672CF8}.Debug|Any CPU.Build.0 = Debug|Any CPU
		{BDD615A1-1945-41F9-B02C-3A4042672CF8}.Debug|x64.ActiveCfg = Debug|Any CPU
		{BDD615A1-1945-41F9-B02C-3A4042672CF8}.Debug|x64.Build.0 = Debug|Any CPU
		{BDD615A1-1945-41F9-B02C-3A4042672CF8}.Debug|x86.ActiveCfg = Debug|Any CPU
		{BDD615A1-1945-41F9-B02C-3A4042672CF8}.Debug|x86.Build.0 = Debug|Any CPU
		{BDD615A1-1945-41F9-B02C-3A4042672CF8}.Release|Any CPU.ActiveCfg = Release|Any CPU
		{BDD615A1-1945-41F9-B02C-3A4042672CF8}.Release|Any CPU.Build.0 = Release|Any CPU
		{BDD615A1-1945-41F9-B02C-3A4042672CF8}.Release|x64.ActiveCfg = Release|Any CPU
		{BDD615A1-1945-41F9-B02C-3A4042672CF8}.Release|x64.Build.0 = Release|Any CPU
		{BDD615A1-1945-41F9-B02C-3A4042672CF8}.Release|x86.ActiveCfg = Release|Any CPU
		{BDD615A1-1945-41F9-B02C-3A4042672CF8}.Release|x86.Build.0 = Release|Any CPU
		{C24DB807-ED5B-459C-8D6B-850666BE66BE}.Debug|Any CPU.ActiveCfg = Debug|Any CPU
		{C24DB807-ED5B-459C-8D6B-850666BE66BE}.Debug|Any CPU.Build.0 = Debug|Any CPU
		{C24DB807-ED5B-459C-8D6B-850666BE66BE}.Debug|x64.ActiveCfg = Debug|Any CPU
		{C24DB807-ED5B-459C-8D6B-850666BE66BE}.Debug|x64.Build.0 = Debug|Any CPU
		{C24DB807-ED5B-459C-8D6B-850666BE66BE}.Debug|x86.ActiveCfg = Debug|Any CPU
		{C24DB807-ED5B-459C-8D6B-850666BE66BE}.Debug|x86.Build.0 = Debug|Any CPU
		{C24DB807-ED5B-459C-8D6B-850666BE66BE}.Release|Any CPU.ActiveCfg = Release|Any CPU
		{C24DB807-ED5B-459C-8D6B-850666BE66BE}.Release|Any CPU.Build.0 = Release|Any CPU
		{C24DB807-ED5B-459C-8D6B-850666BE66BE}.Release|x64.ActiveCfg = Release|Any CPU
		{C24DB807-ED5B-459C-8D6B-850666BE66BE}.Release|x64.Build.0 = Release|Any CPU
		{C24DB807-ED5B-459C-8D6B-850666BE66BE}.Release|x86.ActiveCfg = Release|Any CPU
		{C24DB807-ED5B-459C-8D6B-850666BE66BE}.Release|x86.Build.0 = Release|Any CPU
		{B323B87A-844D-4327-A6CC-FD8F69EA7CD1}.Debug|Any CPU.ActiveCfg = Debug|Any CPU
		{B323B87A-844D-4327-A6CC-FD8F69EA7CD1}.Debug|Any CPU.Build.0 = Debug|Any CPU
		{B323B87A-844D-4327-A6CC-FD8F69EA7CD1}.Debug|x64.ActiveCfg = Debug|Any CPU
		{B323B87A-844D-4327-A6CC-FD8F69EA7CD1}.Debug|x64.Build.0 = Debug|Any CPU
		{B323B87A-844D-4327-A6CC-FD8F69EA7CD1}.Debug|x86.ActiveCfg = Debug|Any CPU
		{B323B87A-844D-4327-A6CC-FD8F69EA7CD1}.Debug|x86.Build.0 = Debug|Any CPU
		{B323B87A-844D-4327-A6CC-FD8F69EA7CD1}.Release|Any CPU.ActiveCfg = Release|Any CPU
		{B323B87A-844D-4327-A6CC-FD8F69EA7CD1}.Release|Any CPU.Build.0 = Release|Any CPU
		{B323B87A-844D-4327-A6CC-FD8F69EA7CD1}.Release|x64.ActiveCfg = Release|Any CPU
		{B323B87A-844D-4327-A6CC-FD8F69EA7CD1}.Release|x64.Build.0 = Release|Any CPU
		{B323B87A-844D-4327-A6CC-FD8F69EA7CD1}.Release|x86.ActiveCfg = Release|Any CPU
		{B323B87A-844D-4327-A6CC-FD8F69EA7CD1}.Release|x86.Build.0 = Release|Any CPU
		{4720BA13-E226-404E-8B1D-B6ABBF3D3B82}.Debug|Any CPU.ActiveCfg = Debug|Any CPU
		{4720BA13-E226-404E-8B1D-B6ABBF3D3B82}.Debug|Any CPU.Build.0 = Debug|Any CPU
		{4720BA13-E226-404E-8B1D-B6ABBF3D3B82}.Debug|x64.ActiveCfg = Debug|Any CPU
		{4720BA13-E226-404E-8B1D-B6ABBF3D3B82}.Debug|x64.Build.0 = Debug|Any CPU
		{4720BA13-E226-404E-8B1D-B6ABBF3D3B82}.Debug|x86.ActiveCfg = Debug|Any CPU
		{4720BA13-E226-404E-8B1D-B6ABBF3D3B82}.Debug|x86.Build.0 = Debug|Any CPU
		{4720BA13-E226-404E-8B1D-B6ABBF3D3B82}.Release|Any CPU.ActiveCfg = Release|Any CPU
		{4720BA13-E226-404E-8B1D-B6ABBF3D3B82}.Release|Any CPU.Build.0 = Release|Any CPU
		{4720BA13-E226-404E-8B1D-B6ABBF3D3B82}.Release|x64.ActiveCfg = Release|Any CPU
		{4720BA13-E226-404E-8B1D-B6ABBF3D3B82}.Release|x64.Build.0 = Release|Any CPU
		{4720BA13-E226-404E-8B1D-B6ABBF3D3B82}.Release|x86.ActiveCfg = Release|Any CPU
		{4720BA13-E226-404E-8B1D-B6ABBF3D3B82}.Release|x86.Build.0 = Release|Any CPU
		{A3F45635-DC81-4163-B93B-94F5B7984CF9}.Debug|Any CPU.ActiveCfg = Debug|Any CPU
		{A3F45635-DC81-4163-B93B-94F5B7984CF9}.Debug|Any CPU.Build.0 = Debug|Any CPU
		{A3F45635-DC81-4163-B93B-94F5B7984CF9}.Debug|x64.ActiveCfg = Debug|Any CPU
		{A3F45635-DC81-4163-B93B-94F5B7984CF9}.Debug|x64.Build.0 = Debug|Any CPU
		{A3F45635-DC81-4163-B93B-94F5B7984CF9}.Debug|x86.ActiveCfg = Debug|Any CPU
		{A3F45635-DC81-4163-B93B-94F5B7984CF9}.Debug|x86.Build.0 = Debug|Any CPU
		{A3F45635-DC81-4163-B93B-94F5B7984CF9}.Release|Any CPU.ActiveCfg = Release|Any CPU
		{A3F45635-DC81-4163-B93B-94F5B7984CF9}.Release|Any CPU.Build.0 = Release|Any CPU
		{A3F45635-DC81-4163-B93B-94F5B7984CF9}.Release|x64.ActiveCfg = Release|Any CPU
		{A3F45635-DC81-4163-B93B-94F5B7984CF9}.Release|x64.Build.0 = Release|Any CPU
		{A3F45635-DC81-4163-B93B-94F5B7984CF9}.Release|x86.ActiveCfg = Release|Any CPU
		{A3F45635-DC81-4163-B93B-94F5B7984CF9}.Release|x86.Build.0 = Release|Any CPU
		{001B8FA9-5D41-4B70-84F5-C1AAF90C22ED}.Debug|Any CPU.ActiveCfg = Debug|Any CPU
		{001B8FA9-5D41-4B70-84F5-C1AAF90C22ED}.Debug|Any CPU.Build.0 = Debug|Any CPU
		{001B8FA9-5D41-4B70-84F5-C1AAF90C22ED}.Debug|x64.ActiveCfg = Debug|Any CPU
		{001B8FA9-5D41-4B70-84F5-C1AAF90C22ED}.Debug|x64.Build.0 = Debug|Any CPU
		{001B8FA9-5D41-4B70-84F5-C1AAF90C22ED}.Debug|x86.ActiveCfg = Debug|Any CPU
		{001B8FA9-5D41-4B70-84F5-C1AAF90C22ED}.Debug|x86.Build.0 = Debug|Any CPU
		{001B8FA9-5D41-4B70-84F5-C1AAF90C22ED}.Release|Any CPU.ActiveCfg = Release|Any CPU
		{001B8FA9-5D41-4B70-84F5-C1AAF90C22ED}.Release|Any CPU.Build.0 = Release|Any CPU
		{001B8FA9-5D41-4B70-84F5-C1AAF90C22ED}.Release|x64.ActiveCfg = Release|Any CPU
		{001B8FA9-5D41-4B70-84F5-C1AAF90C22ED}.Release|x64.Build.0 = Release|Any CPU
		{001B8FA9-5D41-4B70-84F5-C1AAF90C22ED}.Release|x86.ActiveCfg = Release|Any CPU
		{001B8FA9-5D41-4B70-84F5-C1AAF90C22ED}.Release|x86.Build.0 = Release|Any CPU
		{854A6568-C55B-488A-9FA0-13D15C0A5B9B}.Debug|Any CPU.ActiveCfg = Debug|Any CPU
		{854A6568-C55B-488A-9FA0-13D15C0A5B9B}.Debug|Any CPU.Build.0 = Debug|Any CPU
		{854A6568-C55B-488A-9FA0-13D15C0A5B9B}.Debug|x64.ActiveCfg = Debug|Any CPU
		{854A6568-C55B-488A-9FA0-13D15C0A5B9B}.Debug|x64.Build.0 = Debug|Any CPU
		{854A6568-C55B-488A-9FA0-13D15C0A5B9B}.Debug|x86.ActiveCfg = Debug|Any CPU
		{854A6568-C55B-488A-9FA0-13D15C0A5B9B}.Debug|x86.Build.0 = Debug|Any CPU
		{854A6568-C55B-488A-9FA0-13D15C0A5B9B}.Release|Any CPU.ActiveCfg = Release|Any CPU
		{854A6568-C55B-488A-9FA0-13D15C0A5B9B}.Release|Any CPU.Build.0 = Release|Any CPU
		{854A6568-C55B-488A-9FA0-13D15C0A5B9B}.Release|x64.ActiveCfg = Release|Any CPU
		{854A6568-C55B-488A-9FA0-13D15C0A5B9B}.Release|x64.Build.0 = Release|Any CPU
		{854A6568-C55B-488A-9FA0-13D15C0A5B9B}.Release|x86.ActiveCfg = Release|Any CPU
		{854A6568-C55B-488A-9FA0-13D15C0A5B9B}.Release|x86.Build.0 = Release|Any CPU
		{77F586E8-C1A5-4CEC-8EA4-94382CF30E72}.Debug|Any CPU.ActiveCfg = Debug|Any CPU
		{77F586E8-C1A5-4CEC-8EA4-94382CF30E72}.Debug|Any CPU.Build.0 = Debug|Any CPU
		{77F586E8-C1A5-4CEC-8EA4-94382CF30E72}.Debug|x64.ActiveCfg = Debug|Any CPU
		{77F586E8-C1A5-4CEC-8EA4-94382CF30E72}.Debug|x64.Build.0 = Debug|Any CPU
		{77F586E8-C1A5-4CEC-8EA4-94382CF30E72}.Debug|x86.ActiveCfg = Debug|Any CPU
		{77F586E8-C1A5-4CEC-8EA4-94382CF30E72}.Debug|x86.Build.0 = Debug|Any CPU
		{77F586E8-C1A5-4CEC-8EA4-94382CF30E72}.Release|Any CPU.ActiveCfg = Release|Any CPU
		{77F586E8-C1A5-4CEC-8EA4-94382CF30E72}.Release|Any CPU.Build.0 = Release|Any CPU
		{77F586E8-C1A5-4CEC-8EA4-94382CF30E72}.Release|x64.ActiveCfg = Release|Any CPU
		{77F586E8-C1A5-4CEC-8EA4-94382CF30E72}.Release|x64.Build.0 = Release|Any CPU
		{77F586E8-C1A5-4CEC-8EA4-94382CF30E72}.Release|x86.ActiveCfg = Release|Any CPU
		{77F586E8-C1A5-4CEC-8EA4-94382CF30E72}.Release|x86.Build.0 = Release|Any CPU
		{51644442-3066-47E0-AB20-645624938E12}.Debug|Any CPU.ActiveCfg = Debug|Any CPU
		{51644442-3066-47E0-AB20-645624938E12}.Debug|Any CPU.Build.0 = Debug|Any CPU
		{51644442-3066-47E0-AB20-645624938E12}.Debug|x64.ActiveCfg = Debug|Any CPU
		{51644442-3066-47E0-AB20-645624938E12}.Debug|x64.Build.0 = Debug|Any CPU
		{51644442-3066-47E0-AB20-645624938E12}.Debug|x86.ActiveCfg = Debug|Any CPU
		{51644442-3066-47E0-AB20-645624938E12}.Debug|x86.Build.0 = Debug|Any CPU
		{51644442-3066-47E0-AB20-645624938E12}.Release|Any CPU.ActiveCfg = Release|Any CPU
		{51644442-3066-47E0-AB20-645624938E12}.Release|Any CPU.Build.0 = Release|Any CPU
		{51644442-3066-47E0-AB20-645624938E12}.Release|x64.ActiveCfg = Release|Any CPU
		{51644442-3066-47E0-AB20-645624938E12}.Release|x64.Build.0 = Release|Any CPU
		{51644442-3066-47E0-AB20-645624938E12}.Release|x86.ActiveCfg = Release|Any CPU
		{51644442-3066-47E0-AB20-645624938E12}.Release|x86.Build.0 = Release|Any CPU
		{B03E62A0-3FB6-41AF-8696-3E448347DBED}.Debug|Any CPU.ActiveCfg = Debug|Any CPU
		{B03E62A0-3FB6-41AF-8696-3E448347DBED}.Debug|Any CPU.Build.0 = Debug|Any CPU
		{B03E62A0-3FB6-41AF-8696-3E448347DBED}.Debug|x64.ActiveCfg = Debug|Any CPU
		{B03E62A0-3FB6-41AF-8696-3E448347DBED}.Debug|x64.Build.0 = Debug|Any CPU
		{B03E62A0-3FB6-41AF-8696-3E448347DBED}.Debug|x86.ActiveCfg = Debug|Any CPU
		{B03E62A0-3FB6-41AF-8696-3E448347DBED}.Debug|x86.Build.0 = Debug|Any CPU
		{B03E62A0-3FB6-41AF-8696-3E448347DBED}.Release|Any CPU.ActiveCfg = Release|Any CPU
		{B03E62A0-3FB6-41AF-8696-3E448347DBED}.Release|Any CPU.Build.0 = Release|Any CPU
		{B03E62A0-3FB6-41AF-8696-3E448347DBED}.Release|x64.ActiveCfg = Release|Any CPU
		{B03E62A0-3FB6-41AF-8696-3E448347DBED}.Release|x64.Build.0 = Release|Any CPU
		{B03E62A0-3FB6-41AF-8696-3E448347DBED}.Release|x86.ActiveCfg = Release|Any CPU
		{B03E62A0-3FB6-41AF-8696-3E448347DBED}.Release|x86.Build.0 = Release|Any CPU
		{6134EBF1-4115-4BA3-897C-6BF22E76B41B}.Debug|Any CPU.ActiveCfg = Debug|Any CPU
		{6134EBF1-4115-4BA3-897C-6BF22E76B41B}.Debug|Any CPU.Build.0 = Debug|Any CPU
		{6134EBF1-4115-4BA3-897C-6BF22E76B41B}.Debug|x64.ActiveCfg = Debug|Any CPU
		{6134EBF1-4115-4BA3-897C-6BF22E76B41B}.Debug|x64.Build.0 = Debug|Any CPU
		{6134EBF1-4115-4BA3-897C-6BF22E76B41B}.Debug|x86.ActiveCfg = Debug|Any CPU
		{6134EBF1-4115-4BA3-897C-6BF22E76B41B}.Debug|x86.Build.0 = Debug|Any CPU
		{6134EBF1-4115-4BA3-897C-6BF22E76B41B}.Release|Any CPU.ActiveCfg = Release|Any CPU
		{6134EBF1-4115-4BA3-897C-6BF22E76B41B}.Release|Any CPU.Build.0 = Release|Any CPU
		{6134EBF1-4115-4BA3-897C-6BF22E76B41B}.Release|x64.ActiveCfg = Release|Any CPU
		{6134EBF1-4115-4BA3-897C-6BF22E76B41B}.Release|x64.Build.0 = Release|Any CPU
		{6134EBF1-4115-4BA3-897C-6BF22E76B41B}.Release|x86.ActiveCfg = Release|Any CPU
		{6134EBF1-4115-4BA3-897C-6BF22E76B41B}.Release|x86.Build.0 = Release|Any CPU
		{179F8CBA-B537-4EB1-BB31-7A9A6FBEFA4D}.Debug|Any CPU.ActiveCfg = Debug|Any CPU
		{179F8CBA-B537-4EB1-BB31-7A9A6FBEFA4D}.Debug|Any CPU.Build.0 = Debug|Any CPU
		{179F8CBA-B537-4EB1-BB31-7A9A6FBEFA4D}.Debug|x64.ActiveCfg = Debug|Any CPU
		{179F8CBA-B537-4EB1-BB31-7A9A6FBEFA4D}.Debug|x64.Build.0 = Debug|Any CPU
		{179F8CBA-B537-4EB1-BB31-7A9A6FBEFA4D}.Debug|x86.ActiveCfg = Debug|Any CPU
		{179F8CBA-B537-4EB1-BB31-7A9A6FBEFA4D}.Debug|x86.Build.0 = Debug|Any CPU
		{179F8CBA-B537-4EB1-BB31-7A9A6FBEFA4D}.Release|Any CPU.ActiveCfg = Release|Any CPU
		{179F8CBA-B537-4EB1-BB31-7A9A6FBEFA4D}.Release|Any CPU.Build.0 = Release|Any CPU
		{179F8CBA-B537-4EB1-BB31-7A9A6FBEFA4D}.Release|x64.ActiveCfg = Release|Any CPU
		{179F8CBA-B537-4EB1-BB31-7A9A6FBEFA4D}.Release|x64.Build.0 = Release|Any CPU
		{179F8CBA-B537-4EB1-BB31-7A9A6FBEFA4D}.Release|x86.ActiveCfg = Release|Any CPU
		{179F8CBA-B537-4EB1-BB31-7A9A6FBEFA4D}.Release|x86.Build.0 = Release|Any CPU
		{9D41B361-6ABD-491E-ACDD-2BD58158DA8D}.Debug|Any CPU.ActiveCfg = Debug|Any CPU
		{9D41B361-6ABD-491E-ACDD-2BD58158DA8D}.Debug|Any CPU.Build.0 = Debug|Any CPU
		{9D41B361-6ABD-491E-ACDD-2BD58158DA8D}.Debug|x64.ActiveCfg = Debug|Any CPU
		{9D41B361-6ABD-491E-ACDD-2BD58158DA8D}.Debug|x64.Build.0 = Debug|Any CPU
		{9D41B361-6ABD-491E-ACDD-2BD58158DA8D}.Debug|x86.ActiveCfg = Debug|Any CPU
		{9D41B361-6ABD-491E-ACDD-2BD58158DA8D}.Debug|x86.Build.0 = Debug|Any CPU
		{9D41B361-6ABD-491E-ACDD-2BD58158DA8D}.Release|Any CPU.ActiveCfg = Release|Any CPU
		{9D41B361-6ABD-491E-ACDD-2BD58158DA8D}.Release|Any CPU.Build.0 = Release|Any CPU
		{9D41B361-6ABD-491E-ACDD-2BD58158DA8D}.Release|x64.ActiveCfg = Release|Any CPU
		{9D41B361-6ABD-491E-ACDD-2BD58158DA8D}.Release|x64.Build.0 = Release|Any CPU
		{9D41B361-6ABD-491E-ACDD-2BD58158DA8D}.Release|x86.ActiveCfg = Release|Any CPU
		{9D41B361-6ABD-491E-ACDD-2BD58158DA8D}.Release|x86.Build.0 = Release|Any CPU
		{FE996CDA-B5E6-4BDF-A32B-9C166D7B2B55}.Debug|Any CPU.ActiveCfg = Debug|Any CPU
		{FE996CDA-B5E6-4BDF-A32B-9C166D7B2B55}.Debug|Any CPU.Build.0 = Debug|Any CPU
		{FE996CDA-B5E6-4BDF-A32B-9C166D7B2B55}.Debug|x64.ActiveCfg = Debug|Any CPU
		{FE996CDA-B5E6-4BDF-A32B-9C166D7B2B55}.Debug|x64.Build.0 = Debug|Any CPU
		{FE996CDA-B5E6-4BDF-A32B-9C166D7B2B55}.Debug|x86.ActiveCfg = Debug|Any CPU
		{FE996CDA-B5E6-4BDF-A32B-9C166D7B2B55}.Debug|x86.Build.0 = Debug|Any CPU
		{FE996CDA-B5E6-4BDF-A32B-9C166D7B2B55}.Release|Any CPU.ActiveCfg = Release|Any CPU
		{FE996CDA-B5E6-4BDF-A32B-9C166D7B2B55}.Release|Any CPU.Build.0 = Release|Any CPU
		{FE996CDA-B5E6-4BDF-A32B-9C166D7B2B55}.Release|x64.ActiveCfg = Release|Any CPU
		{FE996CDA-B5E6-4BDF-A32B-9C166D7B2B55}.Release|x64.Build.0 = Release|Any CPU
		{FE996CDA-B5E6-4BDF-A32B-9C166D7B2B55}.Release|x86.ActiveCfg = Release|Any CPU
		{FE996CDA-B5E6-4BDF-A32B-9C166D7B2B55}.Release|x86.Build.0 = Release|Any CPU
	EndGlobalSection
	GlobalSection(SolutionProperties) = preSolution
		HideSolutionNode = FALSE
	EndGlobalSection
	GlobalSection(NestedProjects) = preSolution
		{BBC5199E-B719-486D-9FDB-B6C2FA040E9A} = {0AB3BF05-4346-4AA6-1389-037BE0695223}
		{984BB9B3-3FA3-BE33-9484-CAC21695A33C} = {827E0CD3-B72D-47B6-A68D-7590B98EB39B}
		{A52FF9A7-1006-A729-7F26-021652E10080} = {984BB9B3-3FA3-BE33-9484-CAC21695A33C}
		{B262E713-B7F0-99F4-9E58-08C90363AD78} = {984BB9B3-3FA3-BE33-9484-CAC21695A33C}
		{729A333E-ABD6-BEB7-26CA-C39A7539F140} = {827E0CD3-B72D-47B6-A68D-7590B98EB39B}
		{66DA14CC-F217-436D-AADE-CD394718033E} = {729A333E-ABD6-BEB7-26CA-C39A7539F140}
		{47F20729-E032-44D9-96CB-4F6892563DE1} = {0AB3BF05-4346-4AA6-1389-037BE0695223}
		{BDD615A1-1945-41F9-B02C-3A4042672CF8} = {55F7F59E-3811-4542-F732-EAE91DFBF043}
		{C24DB807-ED5B-459C-8D6B-850666BE66BE} = {55F7F59E-3811-4542-F732-EAE91DFBF043}
		{B323B87A-844D-4327-A6CC-FD8F69EA7CD1} = {55F7F59E-3811-4542-F732-EAE91DFBF043}
		{4720BA13-E226-404E-8B1D-B6ABBF3D3B82} = {55F7F59E-3811-4542-F732-EAE91DFBF043}
		{A3F45635-DC81-4163-B93B-94F5B7984CF9} = {55F7F59E-3811-4542-F732-EAE91DFBF043}
		{001B8FA9-5D41-4B70-84F5-C1AAF90C22ED} = {55F7F59E-3811-4542-F732-EAE91DFBF043}
		{854A6568-C55B-488A-9FA0-13D15C0A5B9B} = {55F7F59E-3811-4542-F732-EAE91DFBF043}
		{77F586E8-C1A5-4CEC-8EA4-94382CF30E72} = {55F7F59E-3811-4542-F732-EAE91DFBF043}
		{51644442-3066-47E0-AB20-645624938E12} = {55F7F59E-3811-4542-F732-EAE91DFBF043}
		{B03E62A0-3FB6-41AF-8696-3E448347DBED} = {55F7F59E-3811-4542-F732-EAE91DFBF043}
		{6134EBF1-4115-4BA3-897C-6BF22E76B41B} = {55F7F59E-3811-4542-F732-EAE91DFBF043}
		{179F8CBA-B537-4EB1-BB31-7A9A6FBEFA4D} = {55F7F59E-3811-4542-F732-EAE91DFBF043}
		{9D41B361-6ABD-491E-ACDD-2BD58158DA8D} = {55F7F59E-3811-4542-F732-EAE91DFBF043}
		{C8E42992-5E42-0C2B-DBFE-AA848D06431C} = {827E0CD3-B72D-47B6-A68D-7590B98EB39B}
		{FE996CDA-B5E6-4BDF-A32B-9C166D7B2B55} = {C8E42992-5E42-0C2B-DBFE-AA848D06431C}
	EndGlobalSection
EndGlobal
